
Microsoft Visual Studio Solution File, Format Version 12.00
# Visual Studio 15
VisualStudioVersion = 15.0.27703.2035
MinimumVisualStudioVersion = 10.0.40219.1
Project("{FAE04EC0-301F-11D3-BF4B-00C04F79EFBC}") = "WPFMindMap", "WPFMindMap\WPFMindMap.csproj", "{A9F1AB91-73D7-467C-8D6C-33013617F5F7}"
EndProject
Project("{FAE04EC0-301F-11D3-BF4B-00C04F79EFBC}") = "NodeUnitTests", "NodeUnitTests\NodeUnitTests.csproj", "{62899F10-D2EE-40C9-BC03-7919D38BD41C}"
EndProject
Project("{FAE04EC0-301F-11D3-BF4B-00C04F79EFBC}") = "NodeLibrary", "NodeLibrary\NodeLibrary.csproj", "{B58CF7B5-D7AF-45F1-A6F7-797B9CA73EAF}"
EndProject
Global
	GlobalSection(SolutionConfigurationPlatforms) = preSolution
		Debug|Any CPU = Debug|Any CPU
		Debug|ARM = Debug|ARM
		Debug|x64 = Debug|x64
		Debug|x86 = Debug|x86
		Release|Any CPU = Release|Any CPU
		Release|ARM = Release|ARM
		Release|x64 = Release|x64
		Release|x86 = Release|x86
	EndGlobalSection
	GlobalSection(ProjectConfigurationPlatforms) = postSolution
		{A9F1AB91-73D7-467C-8D6C-33013617F5F7}.Debug|Any CPU.ActiveCfg = Debug|Any CPU
		{A9F1AB91-73D7-467C-8D6C-33013617F5F7}.Debug|Any CPU.Build.0 = Debug|Any CPU
		{A9F1AB91-73D7-467C-8D6C-33013617F5F7}.Debug|ARM.ActiveCfg = Debug|Any CPU
		{A9F1AB91-73D7-467C-8D6C-33013617F5F7}.Debug|ARM.Build.0 = Debug|Any CPU
		{A9F1AB91-73D7-467C-8D6C-33013617F5F7}.Debug|x64.ActiveCfg = Debug|Any CPU
		{A9F1AB91-73D7-467C-8D6C-33013617F5F7}.Debug|x64.Build.0 = Debug|Any CPU
		{A9F1AB91-73D7-467C-8D6C-33013617F5F7}.Debug|x86.ActiveCfg = Debug|Any CPU
		{A9F1AB91-73D7-467C-8D6C-33013617F5F7}.Debug|x86.Build.0 = Debug|Any CPU
		{A9F1AB91-73D7-467C-8D6C-33013617F5F7}.Release|Any CPU.ActiveCfg = Release|Any CPU
		{A9F1AB91-73D7-467C-8D6C-33013617F5F7}.Release|Any CPU.Build.0 = Release|Any CPU
		{A9F1AB91-73D7-467C-8D6C-33013617F5F7}.Release|ARM.ActiveCfg = Release|Any CPU
		{A9F1AB91-73D7-467C-8D6C-33013617F5F7}.Release|ARM.Build.0 = Release|Any CPU
		{A9F1AB91-73D7-467C-8D6C-33013617F5F7}.Release|x64.ActiveCfg = Release|Any CPU
		{A9F1AB91-73D7-467C-8D6C-33013617F5F7}.Release|x64.Build.0 = Release|Any CPU
		{A9F1AB91-73D7-467C-8D6C-33013617F5F7}.Release|x86.ActiveCfg = Release|Any CPU
		{A9F1AB91-73D7-467C-8D6C-33013617F5F7}.Release|x86.Build.0 = Release|Any CPU
		{62899F10-D2EE-40C9-BC03-7919D38BD41C}.Debug|Any CPU.ActiveCfg = Debug|Any CPU
		{62899F10-D2EE-40C9-BC03-7919D38BD41C}.Debug|Any CPU.Build.0 = Debug|Any CPU
		{62899F10-D2EE-40C9-BC03-7919D38BD41C}.Debug|ARM.ActiveCfg = Debug|Any CPU
		{62899F10-D2EE-40C9-BC03-7919D38BD41C}.Debug|ARM.Build.0 = Debug|Any CPU
		{62899F10-D2EE-40C9-BC03-7919D38BD41C}.Debug|x64.ActiveCfg = Debug|Any CPU
		{62899F10-D2EE-40C9-BC03-7919D38BD41C}.Debug|x64.Build.0 = Debug|Any CPU
		{62899F10-D2EE-40C9-BC03-7919D38BD41C}.Debug|x86.ActiveCfg = Debug|Any CPU
		{62899F10-D2EE-40C9-BC03-7919D38BD41C}.Debug|x86.Build.0 = Debug|Any CPU
		{62899F10-D2EE-40C9-BC03-7919D38BD41C}.Release|Any CPU.ActiveCfg = Release|Any CPU
		{62899F10-D2EE-40C9-BC03-7919D38BD41C}.Release|Any CPU.Build.0 = Release|Any CPU
		{62899F10-D2EE-40C9-BC03-7919D38BD41C}.Release|ARM.ActiveCfg = Release|Any CPU
		{62899F10-D2EE-40C9-BC03-7919D38BD41C}.Release|ARM.Build.0 = Release|Any CPU
		{62899F10-D2EE-40C9-BC03-7919D38BD41C}.Release|x64.ActiveCfg = Release|Any CPU
		{62899F10-D2EE-40C9-BC03-7919D38BD41C}.Release|x64.Build.0 = Release|Any CPU
		{62899F10-D2EE-40C9-BC03-7919D38BD41C}.Release|x86.ActiveCfg = Release|Any CPU
		{62899F10-D2EE-40C9-BC03-7919D38BD41C}.Release|x86.Build.0 = Release|Any CPU
		{B58CF7B5-D7AF-45F1-A6F7-797B9CA73EAF}.Debug|Any CPU.ActiveCfg = Debug|Any CPU
		{B58CF7B5-D7AF-45F1-A6F7-797B9CA73EAF}.Debug|Any CPU.Build.0 = Debug|Any CPU
		{B58CF7B5-D7AF-45F1-A6F7-797B9CA73EAF}.Debug|ARM.ActiveCfg = Debug|Any CPU
		{B58CF7B5-D7AF-45F1-A6F7-797B9CA73EAF}.Debug|ARM.Build.0 = Debug|Any CPU
		{B58CF7B5-D7AF-45F1-A6F7-797B9CA73EAF}.Debug|x64.ActiveCfg = Debug|Any CPU
		{B58CF7B5-D7AF-45F1-A6F7-797B9CA73EAF}.Debug|x64.Build.0 = Debug|Any CPU
		{B58CF7B5-D7AF-45F1-A6F7-797B9CA73EAF}.Debug|x86.ActiveCfg = Debug|Any CPU
		{B58CF7B5-D7AF-45F1-A6F7-797B9CA73EAF}.Debug|x86.Build.0 = Debug|Any CPU
		{B58CF7B5-D7AF-45F1-A6F7-797B9CA73EAF}.Release|Any CPU.ActiveCfg = Release|Any CPU
		{B58CF7B5-D7AF-45F1-A6F7-797B9CA73EAF}.Release|Any CPU.Build.0 = Release|Any CPU
		{B58CF7B5-D7AF-45F1-A6F7-797B9CA73EAF}.Release|ARM.ActiveCfg = Release|Any CPU
		{B58CF7B5-D7AF-45F1-A6F7-797B9CA73EAF}.Release|ARM.Build.0 = Release|Any CPU
		{B58CF7B5-D7AF-45F1-A6F7-797B9CA73EAF}.Release|x64.ActiveCfg = Release|Any CPU
		{B58CF7B5-D7AF-45F1-A6F7-797B9CA73EAF}.Release|x64.Build.0 = Release|Any CPU
		{B58CF7B5-D7AF-45F1-A6F7-797B9CA73EAF}.Release|x86.ActiveCfg = Release|Any CPU
		{B58CF7B5-D7AF-45F1-A6F7-797B9CA73EAF}.Release|x86.Build.0 = Release|Any CPU
	EndGlobalSection
	GlobalSection(SolutionProperties) = preSolution
		HideSolutionNode = FALSE
	EndGlobalSection
	GlobalSection(ExtensibilityGlobals) = postSolution
		SolutionGuid = {34A60BE9-D54C-478E-8BB5-483E7E5ED864}
	EndGlobalSection
EndGlobal
